
Microsoft Visual Studio Solution File, Format Version 12.00
# Visual Studio Version 17
VisualStudioVersion = 17.6.33712.159
MinimumVisualStudioVersion = 10.0.40219.1
Project("{FAE04EC0-301F-11D3-BF4B-00C04F79EFBC}") = "PubSub", "PubSub.csproj", "{BCBD7E6B-B925-4383-BDAA-F835B2B92E79}"
EndProject
Global
	GlobalSection(SolutionConfigurationPlatforms) = preSolution
		Debug|Any CPU = Debug|Any CPU
		Release|Any CPU = Release|Any CPU
	EndGlobalSection
	GlobalSection(ProjectConfigurationPlatforms) = postSolution
		{BCBD7E6B-B925-4383-BDAA-F835B2B92E79}.Debug|Any CPU.ActiveCfg = Debug|Any CPU
		{BCBD7E6B-B925-4383-BDAA-F835B2B92E79}.Debug|Any CPU.Build.0 = Debug|Any CPU
		{BCBD7E6B-B925-4383-BDAA-F835B2B92E79}.Release|Any CPU.ActiveCfg = Release|Any CPU
		{BCBD7E6B-B925-4383-BDAA-F835B2B92E79}.Release|Any CPU.Build.0 = Release|Any CPU
	EndGlobalSection
	GlobalSection(SolutionProperties) = preSolution
		HideSolutionNode = FALSE
	EndGlobalSection
	GlobalSection(ExtensibilityGlobals) = postSolution
		SolutionGuid = {745861EC-FE68-4ACF-9730-93E29275F493}
	EndGlobalSection
EndGlobal
