
Microsoft Visual Studio Solution File, Format Version 12.00
# Visual Studio Version 17
VisualStudioVersion = 17.6.33712.159
MinimumVisualStudioVersion = 10.0.40219.1
Project("{FAE04EC0-301F-11D3-BF4B-00C04F79EFBC}") = "Observer", "Observer.csproj", "{F602BF5A-E794-4CE1-A009-DEE6B06DA50E}"
EndProject
Global
	GlobalSection(SolutionConfigurationPlatforms) = preSolution
		Debug|Any CPU = Debug|Any CPU
		Release|Any CPU = Release|Any CPU
	EndGlobalSection
	GlobalSection(ProjectConfigurationPlatforms) = postSolution
		{F602BF5A-E794-4CE1-A009-DEE6B06DA50E}.Debug|Any CPU.ActiveCfg = Debug|Any CPU
		{F602BF5A-E794-4CE1-A009-DEE6B06DA50E}.Debug|Any CPU.Build.0 = Debug|Any CPU
		{F602BF5A-E794-4CE1-A009-DEE6B06DA50E}.Release|Any CPU.ActiveCfg = Release|Any CPU
		{F602BF5A-E794-4CE1-A009-DEE6B06DA50E}.Release|Any CPU.Build.0 = Release|Any CPU
	EndGlobalSection
	GlobalSection(SolutionProperties) = preSolution
		HideSolutionNode = FALSE
	EndGlobalSection
	GlobalSection(ExtensibilityGlobals) = postSolution
		SolutionGuid = {33DB492F-FD26-45D7-8086-4DCEA9266494}
	EndGlobalSection
EndGlobal
