
Microsoft Visual Studio Solution File, Format Version 12.00
# Visual Studio Version 17
VisualStudioVersion = 17.6.33712.159
MinimumVisualStudioVersion = 10.0.40219.1
Project("{FAE04EC0-301F-11D3-BF4B-00C04F79EFBC}") = "Crud", "Crud.csproj", "{0582CB69-50E5-4686-AC74-7E10E37FA936}"
EndProject
Global
	GlobalSection(SolutionConfigurationPlatforms) = preSolution
		Debug|Any CPU = Debug|Any CPU
		Release|Any CPU = Release|Any CPU
	EndGlobalSection
	GlobalSection(ProjectConfigurationPlatforms) = postSolution
		{0582CB69-50E5-4686-AC74-7E10E37FA936}.Debug|Any CPU.ActiveCfg = Debug|Any CPU
		{0582CB69-50E5-4686-AC74-7E10E37FA936}.Debug|Any CPU.Build.0 = Debug|Any CPU
		{0582CB69-50E5-4686-AC74-7E10E37FA936}.Release|Any CPU.ActiveCfg = Release|Any CPU
		{0582CB69-50E5-4686-AC74-7E10E37FA936}.Release|Any CPU.Build.0 = Release|Any CPU
	EndGlobalSection
	GlobalSection(SolutionProperties) = preSolution
		HideSolutionNode = FALSE
	EndGlobalSection
	GlobalSection(ExtensibilityGlobals) = postSolution
		SolutionGuid = {0BD88F61-D760-4BF0-BA2B-03567D99F0FF}
	EndGlobalSection
EndGlobal
