
Microsoft Visual Studio Solution File, Format Version 12.00
# Visual Studio Version 17
VisualStudioVersion = 17.6.33712.159
MinimumVisualStudioVersion = 10.0.40219.1
Project("{FAE04EC0-301F-11D3-BF4B-00C04F79EFBC}") = "builder", "builder.csproj", "{D14C8C64-7426-49E1-8F66-66A24CC37065}"
EndProject
Global
	GlobalSection(SolutionConfigurationPlatforms) = preSolution
		Debug|Any CPU = Debug|Any CPU
		Release|Any CPU = Release|Any CPU
	EndGlobalSection
	GlobalSection(ProjectConfigurationPlatforms) = postSolution
		{D14C8C64-7426-49E1-8F66-66A24CC37065}.Debug|Any CPU.ActiveCfg = Debug|Any CPU
		{D14C8C64-7426-49E1-8F66-66A24CC37065}.Debug|Any CPU.Build.0 = Debug|Any CPU
		{D14C8C64-7426-49E1-8F66-66A24CC37065}.Release|Any CPU.ActiveCfg = Release|Any CPU
		{D14C8C64-7426-49E1-8F66-66A24CC37065}.Release|Any CPU.Build.0 = Release|Any CPU
	EndGlobalSection
	GlobalSection(SolutionProperties) = preSolution
		HideSolutionNode = FALSE
	EndGlobalSection
	GlobalSection(ExtensibilityGlobals) = postSolution
		SolutionGuid = {E4606A0D-4D41-4BE2-9774-3C889597BD16}
	EndGlobalSection
EndGlobal
