
Microsoft Visual Studio Solution File, Format Version 12.00
# Visual Studio Version 17
VisualStudioVersion = 17.6.33712.159
MinimumVisualStudioVersion = 10.0.40219.1
Project("{FAE04EC0-301F-11D3-BF4B-00C04F79EFBC}") = "TaskManagerServer", "TaskManagerServer.csproj", "{D6E76DD9-0994-4EB8-AF17-F3D61F67A167}"
EndProject
Global
	GlobalSection(SolutionConfigurationPlatforms) = preSolution
		Debug|Any CPU = Debug|Any CPU
		Release|Any CPU = Release|Any CPU
	EndGlobalSection
	GlobalSection(ProjectConfigurationPlatforms) = postSolution
		{D6E76DD9-0994-4EB8-AF17-F3D61F67A167}.Debug|Any CPU.ActiveCfg = Debug|Any CPU
		{D6E76DD9-0994-4EB8-AF17-F3D61F67A167}.Debug|Any CPU.Build.0 = Debug|Any CPU
		{D6E76DD9-0994-4EB8-AF17-F3D61F67A167}.Release|Any CPU.ActiveCfg = Release|Any CPU
		{D6E76DD9-0994-4EB8-AF17-F3D61F67A167}.Release|Any CPU.Build.0 = Release|Any CPU
	EndGlobalSection
	GlobalSection(SolutionProperties) = preSolution
		HideSolutionNode = FALSE
	EndGlobalSection
	GlobalSection(ExtensibilityGlobals) = postSolution
		SolutionGuid = {6C8DF287-4469-4406-9C8A-CBBA30853BE1}
	EndGlobalSection
EndGlobal
